
Microsoft Visual Studio Solution File, Format Version 12.00
# Visual Studio Version 17
VisualStudioVersion = 17.7.33808.371
MinimumVisualStudioVersion = 10.0.40219.1
Project("{9A19103F-16F7-4668-BE54-9A1E7A4F7556}") = "Kiroku.Web", "Kiroku.Web\Kiroku.Web.csproj", "{1FABA95F-1956-427B-BDD3-EECEC7057FFC}"
EndProject
Project("{9A19103F-16F7-4668-BE54-9A1E7A4F7556}") = "Kiroku.Business", "Kiroku.Business\Kiroku.Business.csproj", "{F3B1D8C1-E993-4715-AF6C-77065B4473FF}"
EndProject
Project("{9A19103F-16F7-4668-BE54-9A1E7A4F7556}") = "Kiroku.Persistence", "Kiroku.Persistence\Kiroku.Persistence.csproj", "{808FFBD3-F8FF-44BD-BE53-1297A371A325}"
EndProject
Project("{9A19103F-16F7-4668-BE54-9A1E7A4F7556}") = "Kiroku.Persistence.Tests", "Kiroku.Persistence.Tests\Kiroku.Persistence.Tests.csproj", "{5E377E16-D8AD-4A79-B8FE-CAFC835D2841}"
EndProject
Project("{FAE04EC0-301F-11D3-BF4B-00C04F79EFBC}") = "Kiroku.Business.UnitTests", "Kiroku.Business.UnitTests\Kiroku.Business.UnitTests.csproj", "{2C013FB3-988F-44E8-A777-9061377767FF}"
EndProject
Project("{FAE04EC0-301F-11D3-BF4B-00C04F79EFBC}") = "Kiroku.PartitionWorker", "Kiroku.PartitionWorker\Kiroku.PartitionWorker.csproj", "{96DF1465-32E4-4167-A851-6F7958F56B49}"
EndProject
Project("{FAE04EC0-301F-11D3-BF4B-00C04F79EFBC}") = "Kiroku.Business.IntegrationTests", "Kiroku.Business.IntegrationTests\Kiroku.Business.IntegrationTests.csproj", "{A1C9CCD8-3F92-4A4A-98DF-6DECB13377CD}"
EndProject
Global
	GlobalSection(SolutionConfigurationPlatforms) = preSolution
		Debug|Any CPU = Debug|Any CPU
		Release|Any CPU = Release|Any CPU
	EndGlobalSection
	GlobalSection(ProjectConfigurationPlatforms) = postSolution
		{1FABA95F-1956-427B-BDD3-EECEC7057FFC}.Debug|Any CPU.ActiveCfg = Debug|Any CPU
		{1FABA95F-1956-427B-BDD3-EECEC7057FFC}.Debug|Any CPU.Build.0 = Debug|Any CPU
		{1FABA95F-1956-427B-BDD3-EECEC7057FFC}.Release|Any CPU.ActiveCfg = Release|Any CPU
		{1FABA95F-1956-427B-BDD3-EECEC7057FFC}.Release|Any CPU.Build.0 = Release|Any CPU
		{F3B1D8C1-E993-4715-AF6C-77065B4473FF}.Debug|Any CPU.ActiveCfg = Debug|Any CPU
		{F3B1D8C1-E993-4715-AF6C-77065B4473FF}.Debug|Any CPU.Build.0 = Debug|Any CPU
		{F3B1D8C1-E993-4715-AF6C-77065B4473FF}.Release|Any CPU.ActiveCfg = Release|Any CPU
		{F3B1D8C1-E993-4715-AF6C-77065B4473FF}.Release|Any CPU.Build.0 = Release|Any CPU
		{808FFBD3-F8FF-44BD-BE53-1297A371A325}.Debug|Any CPU.ActiveCfg = Debug|Any CPU
		{808FFBD3-F8FF-44BD-BE53-1297A371A325}.Debug|Any CPU.Build.0 = Debug|Any CPU
		{808FFBD3-F8FF-44BD-BE53-1297A371A325}.Release|Any CPU.ActiveCfg = Release|Any CPU
		{808FFBD3-F8FF-44BD-BE53-1297A371A325}.Release|Any CPU.Build.0 = Release|Any CPU
		{5E377E16-D8AD-4A79-B8FE-CAFC835D2841}.Debug|Any CPU.ActiveCfg = Debug|Any CPU
		{5E377E16-D8AD-4A79-B8FE-CAFC835D2841}.Debug|Any CPU.Build.0 = Debug|Any CPU
		{5E377E16-D8AD-4A79-B8FE-CAFC835D2841}.Release|Any CPU.ActiveCfg = Release|Any CPU
		{5E377E16-D8AD-4A79-B8FE-CAFC835D2841}.Release|Any CPU.Build.0 = Release|Any CPU
		{2C013FB3-988F-44E8-A777-9061377767FF}.Debug|Any CPU.ActiveCfg = Debug|Any CPU
		{2C013FB3-988F-44E8-A777-9061377767FF}.Debug|Any CPU.Build.0 = Debug|Any CPU
		{2C013FB3-988F-44E8-A777-9061377767FF}.Release|Any CPU.ActiveCfg = Release|Any CPU
		{2C013FB3-988F-44E8-A777-9061377767FF}.Release|Any CPU.Build.0 = Release|Any CPU
		{96DF1465-32E4-4167-A851-6F7958F56B49}.Debug|Any CPU.ActiveCfg = Debug|Any CPU
		{96DF1465-32E4-4167-A851-6F7958F56B49}.Debug|Any CPU.Build.0 = Debug|Any CPU
		{96DF1465-32E4-4167-A851-6F7958F56B49}.Release|Any CPU.ActiveCfg = Release|Any CPU
		{96DF1465-32E4-4167-A851-6F7958F56B49}.Release|Any CPU.Build.0 = Release|Any CPU
		{A1C9CCD8-3F92-4A4A-98DF-6DECB13377CD}.Debug|Any CPU.ActiveCfg = Debug|Any CPU
		{A1C9CCD8-3F92-4A4A-98DF-6DECB13377CD}.Debug|Any CPU.Build.0 = Debug|Any CPU
		{A1C9CCD8-3F92-4A4A-98DF-6DECB13377CD}.Release|Any CPU.ActiveCfg = Release|Any CPU
		{A1C9CCD8-3F92-4A4A-98DF-6DECB13377CD}.Release|Any CPU.Build.0 = Release|Any CPU
	EndGlobalSection
	GlobalSection(SolutionProperties) = preSolution
		HideSolutionNode = FALSE
	EndGlobalSection
	GlobalSection(ExtensibilityGlobals) = postSolution
		SolutionGuid = {861C5640-18D8-4C2A-8F67-8152898AEA02}
	EndGlobalSection
EndGlobal
